// !$*UTF8*$!
{
	archiveVersion = 1;
	classes = {
	};
	objectVersion = 50;
	objects = {

/* Begin PBXBuildFile section */
		72C0981B23C9D2D400D3B73F /* AppDelegate.swift in Sources */ = {isa = PBXBuildFile; fileRef = 72C0981A23C9D2D400D3B73F /* AppDelegate.swift */; };
		72C0981D23C9D2D400D3B73F /* SceneDelegate.swift in Sources */ = {isa = PBXBuildFile; fileRef = 72C0981C23C9D2D400D3B73F /* SceneDelegate.swift */; };
		72C0981F23C9D2D400D3B73F /* ViewController.swift in Sources */ = {isa = PBXBuildFile; fileRef = 72C0981E23C9D2D400D3B73F /* ViewController.swift */; };
		72C0982223C9D2D400D3B73F /* Main.storyboard in Resources */ = {isa = PBXBuildFile; fileRef = 72C0982023C9D2D400D3B73F /* Main.storyboard */; };
		72C0982423C9D2D800D3B73F /* Assets.xcassets in Resources */ = {isa = PBXBuildFile; fileRef = 72C0982323C9D2D800D3B73F /* Assets.xcassets */; };
		72C0982723C9D2D800D3B73F /* LaunchScreen.storyboard in Resources */ = {isa = PBXBuildFile; fileRef = 72C0982523C9D2D800D3B73F /* LaunchScreen.storyboard */; };
		72C0983223C9D2D800D3B73F /* MuchReduxWowTests.swift in Sources */ = {isa = PBXBuildFile; fileRef = 72C0983123C9D2D800D3B73F /* MuchReduxWowTests.swift */; };
		72C0983D23C9D2D800D3B73F /* MuchReduxWowUITests.swift in Sources */ = {isa = PBXBuildFile; fileRef = 72C0983C23C9D2D800D3B73F /* MuchReduxWowUITests.swift */; };
/* End PBXBuildFile section */

/* Begin PBXContainerItemProxy section */
		72C0982E23C9D2D800D3B73F /* PBXContainerItemProxy */ = {
			isa = PBXContainerItemProxy;
			containerPortal = 72C0980F23C9D2D400D3B73F /* Project object */;
			proxyType = 1;
			remoteGlobalIDString = 72C0981623C9D2D400D3B73F;
			remoteInfo = MuchReduxWow;
		};
		72C0983923C9D2D800D3B73F /* PBXContainerItemProxy */ = {
			isa = PBXContainerItemProxy;
			containerPortal = 72C0980F23C9D2D400D3B73F /* Project object */;
			proxyType = 1;
			remoteGlobalIDString = 72C0981623C9D2D400D3B73F;
			remoteInfo = MuchReduxWow;
		};
/* End PBXContainerItemProxy section */

/* Begin PBXFileReference section */
		72C0981723C9D2D400D3B73F /* MuchReduxWow.app */ = {isa = PBXFileReference; explicitFileType = wrapper.application; includeInIndex = 0; path = MuchReduxWow.app; sourceTree = BUILT_PRODUCTS_DIR; };
		72C0981A23C9D2D400D3B73F /* AppDelegate.swift */ = {isa = PBXFileReference; lastKnownFileType = sourcecode.swift; path = AppDelegate.swift; sourceTree = "<group>"; };
		72C0981C23C9D2D400D3B73F /* SceneDelegate.swift */ = {isa = PBXFileReference; lastKnownFileType = sourcecode.swift; path = SceneDelegate.swift; sourceTree = "<group>"; };
		72C0981E23C9D2D400D3B73F /* ViewController.swift */ = {isa = PBXFileReference; lastKnownFileType = sourcecode.swift; path = ViewController.swift; sourceTree = "<group>"; };
		72C0982123C9D2D400D3B73F /* Base */ = {isa = PBXFileReference; lastKnownFileType = file.storyboard; name = Base; path = Base.lproj/Main.storyboard; sourceTree = "<group>"; };
		72C0982323C9D2D800D3B73F /* Assets.xcassets */ = {isa = PBXFileReference; lastKnownFileType = folder.assetcatalog; path = Assets.xcassets; sourceTree = "<group>"; };
		72C0982623C9D2D800D3B73F /* Base */ = {isa = PBXFileReference; lastKnownFileType = file.storyboard; name = Base; path = Base.lproj/LaunchScreen.storyboard; sourceTree = "<group>"; };
		72C0982823C9D2D800D3B73F /* Info.plist */ = {isa = PBXFileReference; lastKnownFileType = text.plist.xml; path = Info.plist; sourceTree = "<group>"; };
		72C0982D23C9D2D800D3B73F /* MuchReduxWowTests.xctest */ = {isa = PBXFileReference; explicitFileType = wrapper.cfbundle; includeInIndex = 0; path = MuchReduxWowTests.xctest; sourceTree = BUILT_PRODUCTS_DIR; };
		72C0983123C9D2D800D3B73F /* MuchReduxWowTests.swift */ = {isa = PBXFileReference; lastKnownFileType = sourcecode.swift; path = MuchReduxWowTests.swift; sourceTree = "<group>"; };
		72C0983323C9D2D800D3B73F /* Info.plist */ = {isa = PBXFileReference; lastKnownFileType = text.plist.xml; path = Info.plist; sourceTree = "<group>"; };
		72C0983823C9D2D800D3B73F /* MuchReduxWowUITests.xctest */ = {isa = PBXFileReference; explicitFileType = wrapper.cfbundle; includeInIndex = 0; path = MuchReduxWowUITests.xctest; sourceTree = BUILT_PRODUCTS_DIR; };
		72C0983C23C9D2D800D3B73F /* MuchReduxWowUITests.swift */ = {isa = PBXFileReference; lastKnownFileType = sourcecode.swift; path = MuchReduxWowUITests.swift; sourceTree = "<group>"; };
		72C0983E23C9D2D800D3B73F /* Info.plist */ = {isa = PBXFileReference; lastKnownFileType = text.plist.xml; path = Info.plist; sourceTree = "<group>"; };
/* End PBXFileReference section */

/* Begin PBXFrameworksBuildPhase section */
		72C0981423C9D2D400D3B73F /* Frameworks */ = {
			isa = PBXFrameworksBuildPhase;
			buildActionMask = 2147483647;
			files = (
			);
			runOnlyForDeploymentPostprocessing = 0;
		};
		72C0982A23C9D2D800D3B73F /* Frameworks */ = {
			isa = PBXFrameworksBuildPhase;
			buildActionMask = 2147483647;
			files = (
			);
			runOnlyForDeploymentPostprocessing = 0;
		};
		72C0983523C9D2D800D3B73F /* Frameworks */ = {
			isa = PBXFrameworksBuildPhase;
			buildActionMask = 2147483647;
			files = (
			);
			runOnlyForDeploymentPostprocessing = 0;
		};
/* End PBXFrameworksBuildPhase section */

/* Begin PBXGroup section */
		72C0980E23C9D2D400D3B73F = {
			isa = PBXGroup;
			children = (
				72C0981923C9D2D400D3B73F /* MuchReduxWow */,
				72C0983023C9D2D800D3B73F /* MuchReduxWowTests */,
				72C0983B23C9D2D800D3B73F /* MuchReduxWowUITests */,
				72C0981823C9D2D400D3B73F /* Products */,
			);
			sourceTree = "<group>";
		};
		72C0981823C9D2D400D3B73F /* Products */ = {
			isa = PBXGroup;
			children = (
				72C0981723C9D2D400D3B73F /* MuchReduxWow.app */,
				72C0982D23C9D2D800D3B73F /* MuchReduxWowTests.xctest */,
				72C0983823C9D2D800D3B73F /* MuchReduxWowUITests.xctest */,
			);
			name = Products;
			sourceTree = "<group>";
		};
		72C0981923C9D2D400D3B73F /* MuchReduxWow */ = {
			isa = PBXGroup;
			children = (
				72C0981A23C9D2D400D3B73F /* AppDelegate.swift */,
				72C0981C23C9D2D400D3B73F /* SceneDelegate.swift */,
				72C0981E23C9D2D400D3B73F /* ViewController.swift */,
				72C0982023C9D2D400D3B73F /* Main.storyboard */,
				72C0982323C9D2D800D3B73F /* Assets.xcassets */,
				72C0982523C9D2D800D3B73F /* LaunchScreen.storyboard */,
				72C0982823C9D2D800D3B73F /* Info.plist */,
			);
			path = MuchReduxWow;
			sourceTree = "<group>";
		};
		72C0983023C9D2D800D3B73F /* MuchReduxWowTests */ = {
			isa = PBXGroup;
			children = (
				72C0983123C9D2D800D3B73F /* MuchReduxWowTests.swift */,
				72C0983323C9D2D800D3B73F /* Info.plist */,
			);
			path = MuchReduxWowTests;
			sourceTree = "<group>";
		};
		72C0983B23C9D2D800D3B73F /* MuchReduxWowUITests */ = {
			isa = PBXGroup;
			children = (
				72C0983C23C9D2D800D3B73F /* MuchReduxWowUITests.swift */,
				72C0983E23C9D2D800D3B73F /* Info.plist */,
			);
			path = MuchReduxWowUITests;
			sourceTree = "<group>";
		};
/* End PBXGroup section */

/* Begin PBXNativeTarget section */
		72C0981623C9D2D400D3B73F /* MuchReduxWow */ = {
			isa = PBXNativeTarget;
			buildConfigurationList = 72C0984123C9D2D800D3B73F /* Build configuration list for PBXNativeTarget "MuchReduxWow" */;
			buildPhases = (
				72C0981323C9D2D400D3B73F /* Sources */,
				72C0981423C9D2D400D3B73F /* Frameworks */,
				72C0981523C9D2D400D3B73F /* Resources */,
			);
			buildRules = (
			);
			dependencies = (
			);
			name = MuchReduxWow;
			productName = MuchReduxWow;
			productReference = 72C0981723C9D2D400D3B73F /* MuchReduxWow.app */;
			productType = "com.apple.product-type.application";
		};
		72C0982C23C9D2D800D3B73F /* MuchReduxWowTests */ = {
			isa = PBXNativeTarget;
			buildConfigurationList = 72C0984423C9D2D800D3B73F /* Build configuration list for PBXNativeTarget "MuchReduxWowTests" */;
			buildPhases = (
				72C0982923C9D2D800D3B73F /* Sources */,
				72C0982A23C9D2D800D3B73F /* Frameworks */,
				72C0982B23C9D2D800D3B73F /* Resources */,
			);
			buildRules = (
			);
			dependencies = (
				72C0982F23C9D2D800D3B73F /* PBXTargetDependency */,
			);
			name = MuchReduxWowTests;
			productName = MuchReduxWowTests;
			productReference = 72C0982D23C9D2D800D3B73F /* MuchReduxWowTests.xctest */;
			productType = "com.apple.product-type.bundle.unit-test";
		};
		72C0983723C9D2D800D3B73F /* MuchReduxWowUITests */ = {
			isa = PBXNativeTarget;
			buildConfigurationList = 72C0984723C9D2D800D3B73F /* Build configuration list for PBXNativeTarget "MuchReduxWowUITests" */;
			buildPhases = (
				72C0983423C9D2D800D3B73F /* Sources */,
				72C0983523C9D2D800D3B73F /* Frameworks */,
				72C0983623C9D2D800D3B73F /* Resources */,
			);
			buildRules = (
			);
			dependencies = (
				72C0983A23C9D2D800D3B73F /* PBXTargetDependency */,
			);
			name = MuchReduxWowUITests;
			productName = MuchReduxWowUITests;
			productReference = 72C0983823C9D2D800D3B73F /* MuchReduxWowUITests.xctest */;
			productType = "com.apple.product-type.bundle.ui-testing";
		};
/* End PBXNativeTarget section */

/* Begin PBXProject section */
		72C0980F23C9D2D400D3B73F /* Project object */ = {
			isa = PBXProject;
			attributes = {
				LastSwiftUpdateCheck = 1130;
				LastUpgradeCheck = 1130;
				ORGANIZATIONNAME = alpha;
				TargetAttributes = {
					72C0981623C9D2D400D3B73F = {
						CreatedOnToolsVersion = 11.3;
					};
					72C0982C23C9D2D800D3B73F = {
						CreatedOnToolsVersion = 11.3;
						TestTargetID = 72C0981623C9D2D400D3B73F;
					};
					72C0983723C9D2D800D3B73F = {
						CreatedOnToolsVersion = 11.3;
						TestTargetID = 72C0981623C9D2D400D3B73F;
					};
				};
			};
			buildConfigurationList = 72C0981223C9D2D400D3B73F /* Build configuration list for PBXProject "MuchReduxWow" */;
			compatibilityVersion = "Xcode 9.3";
			developmentRegion = en;
			hasScannedForEncodings = 0;
			knownRegions = (
				en,
				Base,
			);
			mainGroup = 72C0980E23C9D2D400D3B73F;
			productRefGroup = 72C0981823C9D2D400D3B73F /* Products */;
			projectDirPath = "";
			projectRoot = "";
			targets = (
				72C0981623C9D2D400D3B73F /* MuchReduxWow */,
				72C0982C23C9D2D800D3B73F /* MuchReduxWowTests */,
				72C0983723C9D2D800D3B73F /* MuchReduxWowUITests */,
			);
		};
/* End PBXProject section */

/* Begin PBXResourcesBuildPhase section */
		72C0981523C9D2D400D3B73F /* Resources */ = {
			isa = PBXResourcesBuildPhase;
			buildActionMask = 2147483647;
			files = (
				72C0982723C9D2D800D3B73F /* LaunchScreen.storyboard in Resources */,
				72C0982423C9D2D800D3B73F /* Assets.xcassets in Resources */,
				72C0982223C9D2D400D3B73F /* Main.storyboard in Resources */,
			);
			runOnlyForDeploymentPostprocessing = 0;
		};
		72C0982B23C9D2D800D3B73F /* Resources */ = {
			isa = PBXResourcesBuildPhase;
			buildActionMask = 2147483647;
			files = (
			);
			runOnlyForDeploymentPostprocessing = 0;
		};
		72C0983623C9D2D800D3B73F /* Resources */ = {
			isa = PBXResourcesBuildPhase;
			buildActionMask = 2147483647;
			files = (
			);
			runOnlyForDeploymentPostprocessing = 0;
		};
/* End PBXResourcesBuildPhase section */

/* Begin PBXSourcesBuildPhase section */
		72C0981323C9D2D400D3B73F /* Sources */ = {
			isa = PBXSourcesBuildPhase;
			buildActionMask = 2147483647;
			files = (
				72C0981F23C9D2D400D3B73F /* ViewController.swift in Sources */,
				72C0981B23C9D2D400D3B73F /* AppDelegate.swift in Sources */,
				72C0981D23C9D2D400D3B73F /* SceneDelegate.swift in Sources */,
			);
			runOnlyForDeploymentPostprocessing = 0;
		};
		72C0982923C9D2D800D3B73F /* Sources */ = {
			isa = PBXSourcesBuildPhase;
			buildActionMask = 2147483647;
			files = (
				72C0983223C9D2D800D3B73F /* MuchReduxWowTests.swift in Sources */,
			);
			runOnlyForDeploymentPostprocessing = 0;
		};
		72C0983423C9D2D800D3B73F /* Sources */ = {
			isa = PBXSourcesBuildPhase;
			buildActionMask = 2147483647;
			files = (
				72C0983D23C9D2D800D3B73F /* MuchReduxWowUITests.swift in Sources */,
			);
			runOnlyForDeploymentPostprocessing = 0;
		};
/* End PBXSourcesBuildPhase section */

/* Begin PBXTargetDependency section */
		72C0982F23C9D2D800D3B73F /* PBXTargetDependency */ = {
			isa = PBXTargetDependency;
			target = 72C0981623C9D2D400D3B73F /* MuchReduxWow */;
			targetProxy = 72C0982E23C9D2D800D3B73F /* PBXContainerItemProxy */;
		};
		72C0983A23C9D2D800D3B73F /* PBXTargetDependency */ = {
			isa = PBXTargetDependency;
			target = 72C0981623C9D2D400D3B73F /* MuchReduxWow */;
			targetProxy = 72C0983923C9D2D800D3B73F /* PBXContainerItemProxy */;
		};
/* End PBXTargetDependency section */

/* Begin PBXVariantGroup section */
		72C0982023C9D2D400D3B73F /* Main.storyboard */ = {
			isa = PBXVariantGroup;
			children = (
				72C0982123C9D2D400D3B73F /* Base */,
			);
			name = Main.storyboard;
			sourceTree = "<group>";
		};
		72C0982523C9D2D800D3B73F /* LaunchScreen.storyboard */ = {
			isa = PBXVariantGroup;
			children = (
				72C0982623C9D2D800D3B73F /* Base */,
			);
			name = LaunchScreen.storyboard;
			sourceTree = "<group>";
		};
/* End PBXVariantGroup section */

/* Begin XCBuildConfiguration section */
		72C0983F23C9D2D800D3B73F /* Debug */ = {
			isa = XCBuildConfiguration;
			buildSettings = {
				ALWAYS_SEARCH_USER_PATHS = NO;
				CLANG_ANALYZER_NONNULL = YES;
				CLANG_ANALYZER_NUMBER_OBJECT_CONVERSION = YES_AGGRESSIVE;
				CLANG_CXX_LANGUAGE_STANDARD = "gnu++14";
				CLANG_CXX_LIBRARY = "libc++";
				CLANG_ENABLE_MODULES = YES;
				CLANG_ENABLE_OBJC_ARC = YES;
				CLANG_ENABLE_OBJC_WEAK = YES;
				CLANG_WARN_BLOCK_CAPTURE_AUTORELEASING = YES;
				CLANG_WARN_BOOL_CONVERSION = YES;
				CLANG_WARN_COMMA = YES;
				CLANG_WARN_CONSTANT_CONVERSION = YES;
				CLANG_WARN_DEPRECATED_OBJC_IMPLEMENTATIONS = YES;
				CLANG_WARN_DIRECT_OBJC_ISA_USAGE = YES_ERROR;
				CLANG_WARN_DOCUMENTATION_COMMENTS = YES;
				CLANG_WARN_EMPTY_BODY = YES;
				CLANG_WARN_ENUM_CONVERSION = YES;
				CLANG_WARN_INFINITE_RECURSION = YES;
				CLANG_WARN_INT_CONVERSION = YES;
				CLANG_WARN_NON_LITERAL_NULL_CONVERSION = YES;
				CLANG_WARN_OBJC_IMPLICIT_RETAIN_SELF = YES;
				CLANG_WARN_OBJC_LITERAL_CONVERSION = YES;
				CLANG_WARN_OBJC_ROOT_CLASS = YES_ERROR;
				CLANG_WARN_RANGE_LOOP_ANALYSIS = YES;
				CLANG_WARN_STRICT_PROTOTYPES = YES;
				CLANG_WARN_SUSPICIOUS_MOVE = YES;
				CLANG_WARN_UNGUARDED_AVAILABILITY = YES_AGGRESSIVE;
				CLANG_WARN_UNREACHABLE_CODE = YES;
				CLANG_WARN__DUPLICATE_METHOD_MATCH = YES;
				COPY_PHASE_STRIP = NO;
				DEBUG_INFORMATION_FORMAT = dwarf;
				ENABLE_STRICT_OBJC_MSGSEND = YES;
				ENABLE_TESTABILITY = YES;
				GCC_C_LANGUAGE_STANDARD = gnu11;
				GCC_DYNAMIC_NO_PIC = NO;
				GCC_NO_COMMON_BLOCKS = YES;
				GCC_OPTIMIZATION_LEVEL = 0;
				GCC_PREPROCESSOR_DEFINITIONS = (
					"DEBUG=1",
					"$(inherited)",
				);
				GCC_WARN_64_TO_32_BIT_CONVERSION = YES;
				GCC_WARN_ABOUT_RETURN_TYPE = YES_ERROR;
				GCC_WARN_UNDECLARED_SELECTOR = YES;
				GCC_WARN_UNINITIALIZED_AUTOS = YES_AGGRESSIVE;
				GCC_WARN_UNUSED_FUNCTION = YES;
				GCC_WARN_UNUSED_VARIABLE = YES;
				IPHONEOS_DEPLOYMENT_TARGET = 13.2;
				MTL_ENABLE_DEBUG_INFO = INCLUDE_SOURCE;
				MTL_FAST_MATH = YES;
				ONLY_ACTIVE_ARCH = YES;
				SDKROOT = iphoneos;
				SWIFT_ACTIVE_COMPILATION_CONDITIONS = DEBUG;
				SWIFT_OPTIMIZATION_LEVEL = "-Onone";
			};
			name = Debug;
		};
		72C0984023C9D2D800D3B73F /* Release */ = {
			isa = XCBuildConfiguration;
			buildSettings = {
				ALWAYS_SEARCH_USER_PATHS = NO;
				CLANG_ANALYZER_NONNULL = YES;
				CLANG_ANALYZER_NUMBER_OBJECT_CONVERSION = YES_AGGRESSIVE;
				CLANG_CXX_LANGUAGE_STANDARD = "gnu++14";
				CLANG_CXX_LIBRARY = "libc++";
				CLANG_ENABLE_MODULES = YES;
				CLANG_ENABLE_OBJC_ARC = YES;
				CLANG_ENABLE_OBJC_WEAK = YES;
				CLANG_WARN_BLOCK_CAPTURE_AUTORELEASING = YES;
				CLANG_WARN_BOOL_CONVERSION = YES;
				CLANG_WARN_COMMA = YES;
				CLANG_WARN_CONSTANT_CONVERSION = YES;
				CLANG_WARN_DEPRECATED_OBJC_IMPLEMENTATIONS = YES;
				CLANG_WARN_DIRECT_OBJC_ISA_USAGE = YES_ERROR;
				CLANG_WARN_DOCUMENTATION_COMMENTS = YES;
				CLANG_WARN_EMPTY_BODY = YES;
				CLANG_WARN_ENUM_CONVERSION = YES;
				CLANG_WARN_INFINITE_RECURSION = YES;
				CLANG_WARN_INT_CONVERSION = YES;
				CLANG_WARN_NON_LITERAL_NULL_CONVERSION = YES;
				CLANG_WARN_OBJC_IMPLICIT_RETAIN_SELF = YES;
				CLANG_WARN_OBJC_LITERAL_CONVERSION = YES;
				CLANG_WARN_OBJC_ROOT_CLASS = YES_ERROR;
				CLANG_WARN_RANGE_LOOP_ANALYSIS = YES;
				CLANG_WARN_STRICT_PROTOTYPES = YES;
				CLANG_WARN_SUSPICIOUS_MOVE = YES;
				CLANG_WARN_UNGUARDED_AVAILABILITY = YES_AGGRESSIVE;
				CLANG_WARN_UNREACHABLE_CODE = YES;
				CLANG_WARN__DUPLICATE_METHOD_MATCH = YES;
				COPY_PHASE_STRIP = NO;
				DEBUG_INFORMATION_FORMAT = "dwarf-with-dsym";
				ENABLE_NS_ASSERTIONS = NO;
				ENABLE_STRICT_OBJC_MSGSEND = YES;
				GCC_C_LANGUAGE_STANDARD = gnu11;
				GCC_NO_COMMON_BLOCKS = YES;
				GCC_WARN_64_TO_32_BIT_CONVERSION = YES;
				GCC_WARN_ABOUT_RETURN_TYPE = YES_ERROR;
				GCC_WARN_UNDECLARED_SELECTOR = YES;
				GCC_WARN_UNINITIALIZED_AUTOS = YES_AGGRESSIVE;
				GCC_WARN_UNUSED_FUNCTION = YES;
				GCC_WARN_UNUSED_VARIABLE = YES;
				IPHONEOS_DEPLOYMENT_TARGET = 13.2;
				MTL_ENABLE_DEBUG_INFO = NO;
				MTL_FAST_MATH = YES;
				SDKROOT = iphoneos;
				SWIFT_COMPILATION_MODE = wholemodule;
				SWIFT_OPTIMIZATION_LEVEL = "-O";
				VALIDATE_PRODUCT = YES;
			};
			name = Release;
		};
		72C0984223C9D2D800D3B73F /* Debug */ = {
			isa = XCBuildConfiguration;
			buildSettings = {
				ASSETCATALOG_COMPILER_APPICON_NAME = AppIcon;
				CODE_SIGN_STYLE = Automatic;
				INFOPLIST_FILE = MuchReduxWow/Info.plist;
				LD_RUNPATH_SEARCH_PATHS = (
					"$(inherited)",
					"@executable_path/Frameworks",
				);
				PRODUCT_BUNDLE_IDENTIFIER = beta.MuchReduxWow;
				PRODUCT_NAME = "$(TARGET_NAME)";
				SWIFT_VERSION = 5.0;
				TARGETED_DEVICE_FAMILY = "1,2";
			};
			name = Debug;
		};
		72C0984323C9D2D800D3B73F /* Release */ = {
			isa = XCBuildConfiguration;
			buildSettings = {
				ASSETCATALOG_COMPILER_APPICON_NAME = AppIcon;
				CODE_SIGN_STYLE = Automatic;
				INFOPLIST_FILE = MuchReduxWow/Info.plist;
				LD_RUNPATH_SEARCH_PATHS = (
					"$(inherited)",
					"@executable_path/Frameworks",
				);
				PRODUCT_BUNDLE_IDENTIFIER = beta.MuchReduxWow;
				PRODUCT_NAME = "$(TARGET_NAME)";
				SWIFT_VERSION = 5.0;
				TARGETED_DEVICE_FAMILY = "1,2";
			};
			name = Release;
		};
		72C0984523C9D2D800D3B73F /* Debug */ = {
			isa = XCBuildConfiguration;
			buildSettings = {
				ALWAYS_EMBED_SWIFT_STANDARD_LIBRARIES = YES;
				BUNDLE_LOADER = "$(TEST_HOST)";
				CODE_SIGN_STYLE = Automatic;
				INFOPLIST_FILE = MuchReduxWowTests/Info.plist;
				IPHONEOS_DEPLOYMENT_TARGET = 13.2;
				LD_RUNPATH_SEARCH_PATHS = (
					"$(inherited)",
					"@executable_path/Frameworks",
					"@loader_path/Frameworks",
				);
				PRODUCT_BUNDLE_IDENTIFIER = beta.MuchReduxWowTests;
				PRODUCT_NAME = "$(TARGET_NAME)";
				SWIFT_VERSION = 5.0;
				TARGETED_DEVICE_FAMILY = "1,2";
				TEST_HOST = "$(BUILT_PRODUCTS_DIR)/MuchReduxWow.app/MuchReduxWow";
			};
			name = Debug;
		};
		72C0984623C9D2D800D3B73F /* Release */ = {
			isa = XCBuildConfiguration;
			buildSettings = {
				ALWAYS_EMBED_SWIFT_STANDARD_LIBRARIES = YES;
				BUNDLE_LOADER = "$(TEST_HOST)";
				CODE_SIGN_STYLE = Automatic;
				INFOPLIST_FILE = MuchReduxWowTests/Info.plist;
				IPHONEOS_DEPLOYMENT_TARGET = 13.2;
				LD_RUNPATH_SEARCH_PATHS = (
					"$(inherited)",
					"@executable_path/Frameworks",
					"@loader_path/Frameworks",
				);
				PRODUCT_BUNDLE_IDENTIFIER = beta.MuchReduxWowTests;
				PRODUCT_NAME = "$(TARGET_NAME)";
				SWIFT_VERSION = 5.0;
				TARGETED_DEVICE_FAMILY = "1,2";
				TEST_HOST = "$(BUILT_PRODUCTS_DIR)/MuchReduxWow.app/MuchReduxWow";
			};
			name = Release;
		};
		72C0984823C9D2D800D3B73F /* Debug */ = {
			isa = XCBuildConfiguration;
			buildSettings = {
				ALWAYS_EMBED_SWIFT_STANDARD_LIBRARIES = YES;
				CODE_SIGN_STYLE = Automatic;
				INFOPLIST_FILE = MuchReduxWowUITests/Info.plist;
				LD_RUNPATH_SEARCH_PATHS = (
					"$(inherited)",
					"@executable_path/Frameworks",
					"@loader_path/Frameworks",
				);
				PRODUCT_BUNDLE_IDENTIFIER = beta.MuchReduxWowUITests;
				PRODUCT_NAME = "$(TARGET_NAME)";
				SWIFT_VERSION = 5.0;
				TARGETED_DEVICE_FAMILY = "1,2";
				TEST_TARGET_NAME = MuchReduxWow;
			};
			name = Debug;
		};
		72C0984923C9D2D800D3B73F /* Release */ = {
			isa = XCBuildConfiguration;
			buildSettings = {
				ALWAYS_EMBED_SWIFT_STANDARD_LIBRARIES = YES;
				CODE_SIGN_STYLE = Automatic;
				INFOPLIST_FILE = MuchReduxWowUITests/Info.plist;
				LD_RUNPATH_SEARCH_PATHS = (
					"$(inherited)",
					"@executable_path/Frameworks",
					"@loader_path/Frameworks",
				);
				PRODUCT_BUNDLE_IDENTIFIER = beta.MuchReduxWowUITests;
				PRODUCT_NAME = "$(TARGET_NAME)";
				SWIFT_VERSION = 5.0;
				TARGETED_DEVICE_FAMILY = "1,2";
				TEST_TARGET_NAME = MuchReduxWow;
			};
			name = Release;
		};
/* End XCBuildConfiguration section */

/* Begin XCConfigurationList section */
		72C0981223C9D2D400D3B73F /* Build configuration list for PBXProject "MuchReduxWow" */ = {
			isa = XCConfigurationList;
			buildConfigurations = (
				72C0983F23C9D2D800D3B73F /* Debug */,
				72C0984023C9D2D800D3B73F /* Release */,
			);
			defaultConfigurationIsVisible = 0;
			defaultConfigurationName = Release;
		};
		72C0984123C9D2D800D3B73F /* Build configuration list for PBXNativeTarget "MuchReduxWow" */ = {
			isa = XCConfigurationList;
			buildConfigurations = (
				72C0984223C9D2D800D3B73F /* Debug */,
				72C0984323C9D2D800D3B73F /* Release */,
			);
			defaultConfigurationIsVisible = 0;
			defaultConfigurationName = Release;
		};
		72C0984423C9D2D800D3B73F /* Build configuration list for PBXNativeTarget "MuchReduxWowTests" */ = {
			isa = XCConfigurationList;
			buildConfigurations = (
				72C0984523C9D2D800D3B73F /* Debug */,
				72C0984623C9D2D800D3B73F /* Release */,
			);
			defaultConfigurationIsVisible = 0;
			defaultConfigurationName = Release;
		};
		72C0984723C9D2D800D3B73F /* Build configuration list for PBXNativeTarget "MuchReduxWowUITests" */ = {
			isa = XCConfigurationList;
			buildConfigurations = (
				72C0984823C9D2D800D3B73F /* Debug */,
				72C0984923C9D2D800D3B73F /* Release */,
			);
			defaultConfigurationIsVisible = 0;
			defaultConfigurationName = Release;
		};
/* End XCConfigurationList section */
	};
	rootObject = 72C0980F23C9D2D400D3B73F /* Project object */;
}
